// !$*UTF8*$!
{
	archiveVersion = 1;
	classes = {
	};
	objectVersion = 55;
	objects = {

/* Begin PBXBuildFile section */
		43B3D8EB27850E2800E0D2C7 /* AppDelegate.swift in Sources */ = {isa = PBXBuildFile; fileRef = 43B3D8EA27850E2800E0D2C7 /* AppDelegate.swift */; };
		43B3D8ED27850E2800E0D2C7 /* SceneDelegate.swift in Sources */ = {isa = PBXBuildFile; fileRef = 43B3D8EC27850E2800E0D2C7 /* SceneDelegate.swift */; };
		43B3D8EF27850E2800E0D2C7 /* ViewController.swift in Sources */ = {isa = PBXBuildFile; fileRef = 43B3D8EE27850E2800E0D2C7 /* ViewController.swift */; };
		43B3D8F227850E2800E0D2C7 /* Main.storyboard in Resources */ = {isa = PBXBuildFile; fileRef = 43B3D8F027850E2800E0D2C7 /* Main.storyboard */; };
		43B3D8F527850E2800E0D2C7 /* auxilio_ios.xcdatamodeld in Sources */ = {isa = PBXBuildFile; fileRef = 43B3D8F327850E2800E0D2C7 /* auxilio_ios.xcdatamodeld */; };
		43B3D8F727850E2A00E0D2C7 /* Assets.xcassets in Resources */ = {isa = PBXBuildFile; fileRef = 43B3D8F627850E2A00E0D2C7 /* Assets.xcassets */; };
		43B3D8FA27850E2A00E0D2C7 /* LaunchScreen.storyboard in Resources */ = {isa = PBXBuildFile; fileRef = 43B3D8F827850E2A00E0D2C7 /* LaunchScreen.storyboard */; };
/* End PBXBuildFile section */

/* Begin PBXFileReference section */
		43B3D8E727850E2800E0D2C7 /* auxilio_ios.app */ = {isa = PBXFileReference; explicitFileType = wrapper.application; includeInIndex = 0; path = auxilio_ios.app; sourceTree = BUILT_PRODUCTS_DIR; };
		43B3D8EA27850E2800E0D2C7 /* AppDelegate.swift */ = {isa = PBXFileReference; lastKnownFileType = sourcecode.swift; path = AppDelegate.swift; sourceTree = "<group>"; };
		43B3D8EC27850E2800E0D2C7 /* SceneDelegate.swift */ = {isa = PBXFileReference; lastKnownFileType = sourcecode.swift; path = SceneDelegate.swift; sourceTree = "<group>"; };
		43B3D8EE27850E2800E0D2C7 /* ViewController.swift */ = {isa = PBXFileReference; lastKnownFileType = sourcecode.swift; path = ViewController.swift; sourceTree = "<group>"; };
		43B3D8F127850E2800E0D2C7 /* Base */ = {isa = PBXFileReference; lastKnownFileType = file.storyboard; name = Base; path = Base.lproj/Main.storyboard; sourceTree = "<group>"; };
		43B3D8F427850E2800E0D2C7 /* auxilio_ios.xcdatamodel */ = {isa = PBXFileReference; lastKnownFileType = wrapper.xcdatamodel; path = auxilio_ios.xcdatamodel; sourceTree = "<group>"; };
		43B3D8F627850E2A00E0D2C7 /* Assets.xcassets */ = {isa = PBXFileReference; lastKnownFileType = folder.assetcatalog; path = Assets.xcassets; sourceTree = "<group>"; };
		43B3D8F927850E2A00E0D2C7 /* Base */ = {isa = PBXFileReference; lastKnownFileType = file.storyboard; name = Base; path = Base.lproj/LaunchScreen.storyboard; sourceTree = "<group>"; };
		43B3D8FB27850E2A00E0D2C7 /* Info.plist */ = {isa = PBXFileReference; lastKnownFileType = text.plist.xml; path = Info.plist; sourceTree = "<group>"; };
/* End PBXFileReference section */

/* Begin PBXFrameworksBuildPhase section */
		43B3D8E427850E2800E0D2C7 /* Frameworks */ = {
			isa = PBXFrameworksBuildPhase;
			buildActionMask = 2147483647;
			files = (
			);
			runOnlyForDeploymentPostprocessing = 0;
		};
/* End PBXFrameworksBuildPhase section */

/* Begin PBXGroup section */
		43B3D8DE27850E2800E0D2C7 = {
			isa = PBXGroup;
			children = (
				43B3D8E927850E2800E0D2C7 /* auxilio_ios */,
				43B3D8E827850E2800E0D2C7 /* Products */,
			);
			sourceTree = "<group>";
		};
		43B3D8E827850E2800E0D2C7 /* Products */ = {
			isa = PBXGroup;
			children = (
				43B3D8E727850E2800E0D2C7 /* auxilio_ios.app */,
			);
			name = Products;
			sourceTree = "<group>";
		};
		43B3D8E927850E2800E0D2C7 /* auxilio_ios */ = {
			isa = PBXGroup;
			children = (
				43B3D8EA27850E2800E0D2C7 /* AppDelegate.swift */,
				43B3D8EC27850E2800E0D2C7 /* SceneDelegate.swift */,
				43B3D8EE27850E2800E0D2C7 /* ViewController.swift */,
				43B3D8F027850E2800E0D2C7 /* Main.storyboard */,
				43B3D8F627850E2A00E0D2C7 /* Assets.xcassets */,
				43B3D8F827850E2A00E0D2C7 /* LaunchScreen.storyboard */,
				43B3D8FB27850E2A00E0D2C7 /* Info.plist */,
				43B3D8F327850E2800E0D2C7 /* auxilio_ios.xcdatamodeld */,
			);
			path = auxilio_ios;
			sourceTree = "<group>";
		};
/* End PBXGroup section */

/* Begin PBXNativeTarget section */
		43B3D8E627850E2800E0D2C7 /* auxilio_ios */ = {
			isa = PBXNativeTarget;
			buildConfigurationList = 43B3D8FE27850E2A00E0D2C7 /* Build configuration list for PBXNativeTarget "auxilio_ios" */;
			buildPhases = (
				43B3D8E327850E2800E0D2C7 /* Sources */,
				43B3D8E427850E2800E0D2C7 /* Frameworks */,
				43B3D8E527850E2800E0D2C7 /* Resources */,
			);
			buildRules = (
			);
			dependencies = (
			);
			name = auxilio_ios;
			productName = auxilio_ios;
			productReference = 43B3D8E727850E2800E0D2C7 /* auxilio_ios.app */;
			productType = "com.apple.product-type.application";
		};
/* End PBXNativeTarget section */

/* Begin PBXProject section */
		43B3D8DF27850E2800E0D2C7 /* Project object */ = {
			isa = PBXProject;
			attributes = {
				BuildIndependentTargetsInParallel = 1;
				LastSwiftUpdateCheck = 1310;
				LastUpgradeCheck = 1310;
				TargetAttributes = {
					43B3D8E627850E2800E0D2C7 = {
						CreatedOnToolsVersion = 13.1;
					};
				};
			};
			buildConfigurationList = 43B3D8E227850E2800E0D2C7 /* Build configuration list for PBXProject "auxilio_ios" */;
			compatibilityVersion = "Xcode 13.0";
			developmentRegion = en;
			hasScannedForEncodings = 0;
			knownRegions = (
				en,
				Base,
			);
			mainGroup = 43B3D8DE27850E2800E0D2C7;
			productRefGroup = 43B3D8E827850E2800E0D2C7 /* Products */;
			projectDirPath = "";
			projectRoot = "";
			targets = (
				43B3D8E627850E2800E0D2C7 /* auxilio_ios */,
			);
		};
/* End PBXProject section */

/* Begin PBXResourcesBuildPhase section */
		43B3D8E527850E2800E0D2C7 /* Resources */ = {
			isa = PBXResourcesBuildPhase;
			buildActionMask = 2147483647;
			files = (
				43B3D8FA27850E2A00E0D2C7 /* LaunchScreen.storyboard in Resources */,
				43B3D8F727850E2A00E0D2C7 /* Assets.xcassets in Resources */,
				43B3D8F227850E2800E0D2C7 /* Main.storyboard in Resources */,
			);
			runOnlyForDeploymentPostprocessing = 0;
		};
/* End PBXResourcesBuildPhase section */

/* Begin PBXSourcesBuildPhase section */
		43B3D8E327850E2800E0D2C7 /* Sources */ = {
			isa = PBXSourcesBuildPhase;
			buildActionMask = 2147483647;
			files = (
				43B3D8EF27850E2800E0D2C7 /* ViewController.swift in Sources */,
				43B3D8F527850E2800E0D2C7 /* auxilio_ios.xcdatamodeld in Sources */,
				43B3D8EB27850E2800E0D2C7 /* AppDelegate.swift in Sources */,
				43B3D8ED27850E2800E0D2C7 /* SceneDelegate.swift in Sources */,
			);
			runOnlyForDeploymentPostprocessing = 0;
		};
/* End PBXSourcesBuildPhase section */

/* Begin PBXVariantGroup section */
		43B3D8F027850E2800E0D2C7 /* Main.storyboard */ = {
			isa = PBXVariantGroup;
			children = (
				43B3D8F127850E2800E0D2C7 /* Base */,
			);
			name = Main.storyboard;
			sourceTree = "<group>";
		};
		43B3D8F827850E2A00E0D2C7 /* LaunchScreen.storyboard */ = {
			isa = PBXVariantGroup;
			children = (
				43B3D8F927850E2A00E0D2C7 /* Base */,
			);
			name = LaunchScreen.storyboard;
			sourceTree = "<group>";
		};
/* End PBXVariantGroup section */

/* Begin XCBuildConfiguration section */
		43B3D8FC27850E2A00E0D2C7 /* Debug */ = {
			isa = XCBuildConfiguration;
			buildSettings = {
				ALWAYS_SEARCH_USER_PATHS = NO;
				CLANG_ANALYZER_NONNULL = YES;
				CLANG_ANALYZER_NUMBER_OBJECT_CONVERSION = YES_AGGRESSIVE;
				CLANG_CXX_LANGUAGE_STANDARD = "gnu++17";
				CLANG_CXX_LIBRARY = "libc++";
				CLANG_ENABLE_MODULES = YES;
				CLANG_ENABLE_OBJC_ARC = YES;
				CLANG_ENABLE_OBJC_WEAK = YES;
				CLANG_WARN_BLOCK_CAPTURE_AUTORELEASING = YES;
				CLANG_WARN_BOOL_CONVERSION = YES;
				CLANG_WARN_COMMA = YES;
				CLANG_WARN_CONSTANT_CONVERSION = YES;
				CLANG_WARN_DEPRECATED_OBJC_IMPLEMENTATIONS = YES;
				CLANG_WARN_DIRECT_OBJC_ISA_USAGE = YES_ERROR;
				CLANG_WARN_DOCUMENTATION_COMMENTS = YES;
				CLANG_WARN_EMPTY_BODY = YES;
				CLANG_WARN_ENUM_CONVERSION = YES;
				CLANG_WARN_INFINITE_RECURSION = YES;
				CLANG_WARN_INT_CONVERSION = YES;
				CLANG_WARN_NON_LITERAL_NULL_CONVERSION = YES;
				CLANG_WARN_OBJC_IMPLICIT_RETAIN_SELF = YES;
				CLANG_WARN_OBJC_LITERAL_CONVERSION = YES;
				CLANG_WARN_OBJC_ROOT_CLASS = YES_ERROR;
				CLANG_WARN_QUOTED_INCLUDE_IN_FRAMEWORK_HEADER = YES;
				CLANG_WARN_RANGE_LOOP_ANALYSIS = YES;
				CLANG_WARN_STRICT_PROTOTYPES = YES;
				CLANG_WARN_SUSPICIOUS_MOVE = YES;
				CLANG_WARN_UNGUARDED_AVAILABILITY = YES_AGGRESSIVE;
				CLANG_WARN_UNREACHABLE_CODE = YES;
				CLANG_WARN__DUPLICATE_METHOD_MATCH = YES;
				COPY_PHASE_STRIP = NO;
				DEBUG_INFORMATION_FORMAT = dwarf;
				ENABLE_STRICT_OBJC_MSGSEND = YES;
				ENABLE_TESTABILITY = YES;
				GCC_C_LANGUAGE_STANDARD = gnu11;
				GCC_DYNAMIC_NO_PIC = NO;
				GCC_NO_COMMON_BLOCKS = YES;
				GCC_OPTIMIZATION_LEVEL = 0;
				GCC_PREPROCESSOR_DEFINITIONS = (
					"DEBUG=1",
					"$(inherited)",
				);
				GCC_WARN_64_TO_32_BIT_CONVERSION = YES;
				GCC_WARN_ABOUT_RETURN_TYPE = YES_ERROR;
				GCC_WARN_UNDECLARED_SELECTOR = YES;
				GCC_WARN_UNINITIALIZED_AUTOS = YES_AGGRESSIVE;
				GCC_WARN_UNUSED_FUNCTION = YES;
				GCC_WARN_UNUSED_VARIABLE = YES;
				IPHONEOS_DEPLOYMENT_TARGET = 15.0;
				MTL_ENABLE_DEBUG_INFO = INCLUDE_SOURCE;
				MTL_FAST_MATH = YES;
				ONLY_ACTIVE_ARCH = YES;
				SDKROOT = iphoneos;
				SWIFT_ACTIVE_COMPILATION_CONDITIONS = DEBUG;
				SWIFT_OPTIMIZATION_LEVEL = "-Onone";
			};
			name = Debug;
		};
		43B3D8FD27850E2A00E0D2C7 /* Release */ = {
			isa = XCBuildConfiguration;
			buildSettings = {
				ALWAYS_SEARCH_USER_PATHS = NO;
				CLANG_ANALYZER_NONNULL = YES;
				CLANG_ANALYZER_NUMBER_OBJECT_CONVERSION = YES_AGGRESSIVE;
				CLANG_CXX_LANGUAGE_STANDARD = "gnu++17";
				CLANG_CXX_LIBRARY = "libc++";
				CLANG_ENABLE_MODULES = YES;
				CLANG_ENABLE_OBJC_ARC = YES;
				CLANG_ENABLE_OBJC_WEAK = YES;
				CLANG_WARN_BLOCK_CAPTURE_AUTORELEASING = YES;
				CLANG_WARN_BOOL_CONVERSION = YES;
				CLANG_WARN_COMMA = YES;
				CLANG_WARN_CONSTANT_CONVERSION = YES;
				CLANG_WARN_DEPRECATED_OBJC_IMPLEMENTATIONS = YES;
				CLANG_WARN_DIRECT_OBJC_ISA_USAGE = YES_ERROR;
				CLANG_WARN_DOCUMENTATION_COMMENTS = YES;
				CLANG_WARN_EMPTY_BODY = YES;
				CLANG_WARN_ENUM_CONVERSION = YES;
				CLANG_WARN_INFINITE_RECURSION = YES;
				CLANG_WARN_INT_CONVERSION = YES;
				CLANG_WARN_NON_LITERAL_NULL_CONVERSION = YES;
				CLANG_WARN_OBJC_IMPLICIT_RETAIN_SELF = YES;
				CLANG_WARN_OBJC_LITERAL_CONVERSION = YES;
				CLANG_WARN_OBJC_ROOT_CLASS = YES_ERROR;
				CLANG_WARN_QUOTED_INCLUDE_IN_FRAMEWORK_HEADER = YES;
				CLANG_WARN_RANGE_LOOP_ANALYSIS = YES;
				CLANG_WARN_STRICT_PROTOTYPES = YES;
				CLANG_WARN_SUSPICIOUS_MOVE = YES;
				CLANG_WARN_UNGUARDED_AVAILABILITY = YES_AGGRESSIVE;
				CLANG_WARN_UNREACHABLE_CODE = YES;
				CLANG_WARN__DUPLICATE_METHOD_MATCH = YES;
				COPY_PHASE_STRIP = NO;
				DEBUG_INFORMATION_FORMAT = "dwarf-with-dsym";
				ENABLE_NS_ASSERTIONS = NO;
				ENABLE_STRICT_OBJC_MSGSEND = YES;
				GCC_C_LANGUAGE_STANDARD = gnu11;
				GCC_NO_COMMON_BLOCKS = YES;
				GCC_WARN_64_TO_32_BIT_CONVERSION = YES;
				GCC_WARN_ABOUT_RETURN_TYPE = YES_ERROR;
				GCC_WARN_UNDECLARED_SELECTOR = YES;
				GCC_WARN_UNINITIALIZED_AUTOS = YES_AGGRESSIVE;
				GCC_WARN_UNUSED_FUNCTION = YES;
				GCC_WARN_UNUSED_VARIABLE = YES;
				IPHONEOS_DEPLOYMENT_TARGET = 15.0;
				MTL_ENABLE_DEBUG_INFO = NO;
				MTL_FAST_MATH = YES;
				SDKROOT = iphoneos;
				SWIFT_COMPILATION_MODE = wholemodule;
				SWIFT_OPTIMIZATION_LEVEL = "-O";
				VALIDATE_PRODUCT = YES;
			};
			name = Release;
		};
		43B3D8FF27850E2A00E0D2C7 /* Debug */ = {
			isa = XCBuildConfiguration;
			buildSettings = {
				ASSETCATALOG_COMPILER_APPICON_NAME = AppIcon;
				ASSETCATALOG_COMPILER_GLOBAL_ACCENT_COLOR_NAME = AccentColor;
				CODE_SIGN_STYLE = Automatic;
				CURRENT_PROJECT_VERSION = 1;
				DEVELOPMENT_TEAM = PXJDJW8Z9X;
				GENERATE_INFOPLIST_FILE = YES;
				INFOPLIST_FILE = auxilio_ios/Info.plist;
				INFOPLIST_KEY_UIApplicationSupportsIndirectInputEvents = YES;
				INFOPLIST_KEY_UILaunchStoryboardName = LaunchScreen;
				INFOPLIST_KEY_UIMainStoryboardFile = Main;
				INFOPLIST_KEY_UISupportedInterfaceOrientations_iPad = "UIInterfaceOrientationPortrait UIInterfaceOrientationPortraitUpsideDown UIInterfaceOrientationLandscapeLeft UIInterfaceOrientationLandscapeRight";
				INFOPLIST_KEY_UISupportedInterfaceOrientations_iPhone = "UIInterfaceOrientationPortrait UIInterfaceOrientationLandscapeLeft UIInterfaceOrientationLandscapeRight";
				LD_RUNPATH_SEARCH_PATHS = (
					"$(inherited)",
					"@executable_path/Frameworks",
				);
				MARKETING_VERSION = 1.0;
				PRODUCT_BUNDLE_IDENTIFIER = "com.Shubhamarya.auxilio-ios";
				PRODUCT_NAME = "$(TARGET_NAME)";
				SWIFT_EMIT_LOC_STRINGS = YES;
				SWIFT_VERSION = 5.0;
				TARGETED_DEVICE_FAMILY = "1,2";
			};
			name = Debug;
		};
		43B3D90027850E2A00E0D2C7 /* Release */ = {
			isa = XCBuildConfiguration;
			buildSettings = {
				ASSETCATALOG_COMPILER_APPICON_NAME = AppIcon;
				ASSETCATALOG_COMPILER_GLOBAL_ACCENT_COLOR_NAME = AccentColor;
				CODE_SIGN_STYLE = Automatic;
				CURRENT_PROJECT_VERSION = 1;
				DEVELOPMENT_TEAM = PXJDJW8Z9X;
				GENERATE_INFOPLIST_FILE = YES;
				INFOPLIST_FILE = auxilio_ios/Info.plist;
				INFOPLIST_KEY_UIApplicationSupportsIndirectInputEvents = YES;
				INFOPLIST_KEY_UILaunchStoryboardName = LaunchScreen;
				INFOPLIST_KEY_UIMainStoryboardFile = Main;
				INFOPLIST_KEY_UISupportedInterfaceOrientations_iPad = "UIInterfaceOrientationPortrait UIInterfaceOrientationPortraitUpsideDown UIInterfaceOrientationLandscapeLeft UIInterfaceOrientationLandscapeRight";
				INFOPLIST_KEY_UISupportedInterfaceOrientations_iPhone = "UIInterfaceOrientationPortrait UIInterfaceOrientationLandscapeLeft UIInterfaceOrientationLandscapeRight";
				LD_RUNPATH_SEARCH_PATHS = (
					"$(inherited)",
					"@executable_path/Frameworks",
				);
				MARKETING_VERSION = 1.0;
				PRODUCT_BUNDLE_IDENTIFIER = "com.Shubhamarya.auxilio-ios";
				PRODUCT_NAME = "$(TARGET_NAME)";
				SWIFT_EMIT_LOC_STRINGS = YES;
				SWIFT_VERSION = 5.0;
				TARGETED_DEVICE_FAMILY = "1,2";
			};
			name = Release;
		};
/* End XCBuildConfiguration section */

/* Begin XCConfigurationList section */
		43B3D8E227850E2800E0D2C7 /* Build configuration list for PBXProject "auxilio_ios" */ = {
			isa = XCConfigurationList;
			buildConfigurations = (
				43B3D8FC27850E2A00E0D2C7 /* Debug */,
				43B3D8FD27850E2A00E0D2C7 /* Release */,
			);
			defaultConfigurationIsVisible = 0;
			defaultConfigurationName = Release;
		};
		43B3D8FE27850E2A00E0D2C7 /* Build configuration list for PBXNativeTarget "auxilio_ios" */ = {
			isa = XCConfigurationList;
			buildConfigurations = (
				43B3D8FF27850E2A00E0D2C7 /* Debug */,
				43B3D90027850E2A00E0D2C7 /* Release */,
			);
			defaultConfigurationIsVisible = 0;
			defaultConfigurationName = Release;
		};
/* End XCConfigurationList section */

/* Begin XCVersionGroup section */
		43B3D8F327850E2800E0D2C7 /* auxilio_ios.xcdatamodeld */ = {
			isa = XCVersionGroup;
			children = (
				43B3D8F427850E2800E0D2C7 /* auxilio_ios.xcdatamodel */,
			);
			currentVersion = 43B3D8F427850E2800E0D2C7 /* auxilio_ios.xcdatamodel */;
			path = auxilio_ios.xcdatamodeld;
			sourceTree = "<group>";
			versionGroupType = wrapper.xcdatamodel;
		};
/* End XCVersionGroup section */
	};
	rootObject = 43B3D8DF27850E2800E0D2C7 /* Project object */;
}
